
Microsoft Visual Studio Solution File, Format Version 9.00
# Visual Studio 2005
Project("{8BC9CEB8-8B4A-11D0-8D11-00A0C91BC942}") = "NetTest_01", "01\NetTest_01.vcproj", "{671DBF67-D4A6-441B-A29B-63A647FBA66F}"
EndProject
Project("{8BC9CEB8-8B4A-11D0-8D11-00A0C91BC942}") = "NetTest_02", "02\NetTest_02.vcproj", "{2659F2B2-ED8C-4945-82DE-77071661F492}"
EndProject
Project("{8BC9CEB8-8B4A-11D0-8D11-00A0C91BC942}") = "NetTest_03", "03\NetTest_03.vcproj", "{4730E795-1E0A-4EAF-8C3D-5686A894C648}"
EndProject
Project("{8BC9CEB8-8B4A-11D0-8D11-00A0C91BC942}") = "NetTest_04", "04\NetTest_04.vcproj", "{E42C4094-9B9D-453F-99EC-DFD3E7F1ABA7}"
EndProject
Global
	GlobalSection(SolutionConfigurationPlatforms) = preSolution
		Debug|Win32 = Debug|Win32
		Release|Win32 = Release|Win32
	EndGlobalSection
	GlobalSection(ProjectConfigurationPlatforms) = postSolution
		{671DBF67-D4A6-441B-A29B-63A647FBA66F}.Debug|Win32.ActiveCfg = Debug|Win32
		{671DBF67-D4A6-441B-A29B-63A647FBA66F}.Debug|Win32.Build.0 = Debug|Win32
		{671DBF67-D4A6-441B-A29B-63A647FBA66F}.Release|Win32.ActiveCfg = Release|Win32
		{671DBF67-D4A6-441B-A29B-63A647FBA66F}.Release|Win32.Build.0 = Release|Win32
		{2659F2B2-ED8C-4945-82DE-77071661F492}.Debug|Win32.ActiveCfg = Debug|Win32
		{2659F2B2-ED8C-4945-82DE-77071661F492}.Debug|Win32.Build.0 = Debug|Win32
		{2659F2B2-ED8C-4945-82DE-77071661F492}.Release|Win32.ActiveCfg = Release|Win32
		{2659F2B2-ED8C-4945-82DE-77071661F492}.Release|Win32.Build.0 = Release|Win32
		{4730E795-1E0A-4EAF-8C3D-5686A894C648}.Debug|Win32.ActiveCfg = Debug|Win32
		{4730E795-1E0A-4EAF-8C3D-5686A894C648}.Debug|Win32.Build.0 = Debug|Win32
		{4730E795-1E0A-4EAF-8C3D-5686A894C648}.Release|Win32.ActiveCfg = Release|Win32
		{4730E795-1E0A-4EAF-8C3D-5686A894C648}.Release|Win32.Build.0 = Release|Win32
		{E42C4094-9B9D-453F-99EC-DFD3E7F1ABA7}.Debug|Win32.ActiveCfg = Debug|Win32
		{E42C4094-9B9D-453F-99EC-DFD3E7F1ABA7}.Debug|Win32.Build.0 = Debug|Win32
		{E42C4094-9B9D-453F-99EC-DFD3E7F1ABA7}.Release|Win32.ActiveCfg = Release|Win32
		{E42C4094-9B9D-453F-99EC-DFD3E7F1ABA7}.Release|Win32.Build.0 = Release|Win32
	EndGlobalSection
	GlobalSection(SolutionProperties) = preSolution
		HideSolutionNode = FALSE
	EndGlobalSection
EndGlobal
