
Microsoft Visual Studio Solution File, Format Version 12.00
# Visual Studio 2013
VisualStudioVersion = 12.0.21005.1
MinimumVisualStudioVersion = 10.0.40219.1
Project("{FAE04EC0-301F-11D3-BF4B-00C04F79EFBC}") = "ListOfProcess", "ListOfProcess\ListOfProcess.csproj", "{A130ED47-78A3-4B6D-92D3-3AD4CE6617B5}"
EndProject
Project("{FAE04EC0-301F-11D3-BF4B-00C04F79EFBC}") = "ListOfProcess.Tests", "ListOfProcess.Tests\ListOfProcess.Tests.csproj", "{8258ADA5-A9AC-4DB8-AC1C-C8FB32B68D11}"
EndProject
Global
	GlobalSection(SolutionConfigurationPlatforms) = preSolution
		Debug|Any CPU = Debug|Any CPU
		Release|Any CPU = Release|Any CPU
	EndGlobalSection
	GlobalSection(ProjectConfigurationPlatforms) = postSolution
		{A130ED47-78A3-4B6D-92D3-3AD4CE6617B5}.Debug|Any CPU.ActiveCfg = Debug|Any CPU
		{A130ED47-78A3-4B6D-92D3-3AD4CE6617B5}.Debug|Any CPU.Build.0 = Debug|Any CPU
		{A130ED47-78A3-4B6D-92D3-3AD4CE6617B5}.Release|Any CPU.ActiveCfg = Release|Any CPU
		{A130ED47-78A3-4B6D-92D3-3AD4CE6617B5}.Release|Any CPU.Build.0 = Release|Any CPU
		{8258ADA5-A9AC-4DB8-AC1C-C8FB32B68D11}.Debug|Any CPU.ActiveCfg = Debug|Any CPU
		{8258ADA5-A9AC-4DB8-AC1C-C8FB32B68D11}.Debug|Any CPU.Build.0 = Debug|Any CPU
		{8258ADA5-A9AC-4DB8-AC1C-C8FB32B68D11}.Release|Any CPU.ActiveCfg = Release|Any CPU
		{8258ADA5-A9AC-4DB8-AC1C-C8FB32B68D11}.Release|Any CPU.Build.0 = Release|Any CPU
	EndGlobalSection
	GlobalSection(SolutionProperties) = preSolution
		HideSolutionNode = FALSE
	EndGlobalSection
EndGlobal
