
Microsoft Visual Studio Solution File, Format Version 9.00
# Visual Studio 2005
Project("{FAE04EC0-301F-11D3-BF4B-00C04F79EFBC}") = "Vba32PMS", "Vba32PMS.csproj", "{E85D871A-7F3A-44D2-A111-A66610AF3335}"
EndProject
Global
	GlobalSection(SolutionConfigurationPlatforms) = preSolution
		Debug|Any CPU = Debug|Any CPU
		Release|Any CPU = Release|Any CPU
	EndGlobalSection
	GlobalSection(ProjectConfigurationPlatforms) = postSolution
		{E85D871A-7F3A-44D2-A111-A66610AF3335}.Debug|Any CPU.ActiveCfg = Debug|Any CPU
		{E85D871A-7F3A-44D2-A111-A66610AF3335}.Debug|Any CPU.Build.0 = Debug|Any CPU
		{E85D871A-7F3A-44D2-A111-A66610AF3335}.Release|Any CPU.ActiveCfg = Release|Any CPU
		{E85D871A-7F3A-44D2-A111-A66610AF3335}.Release|Any CPU.Build.0 = Release|Any CPU
	EndGlobalSection
	GlobalSection(SolutionProperties) = preSolution
		HideSolutionNode = FALSE
	EndGlobalSection
EndGlobal
