
Microsoft Visual Studio Solution File, Format Version 10.00
# Visual Studio 2008
Project("{8BC9CEB8-8B4A-11D0-8D11-00A0C91BC942}") = "Vba32CCService", "..\src\Vba32CCService\Vba32CCService.vcproj", "{7BE0FA6B-CD86-4129-A0FA-AABC597A80B6}"
	ProjectSection(ProjectDependencies) = postProject
		{BE3BF7CA-E665-4CDA-B1FC-A61877373C01} = {BE3BF7CA-E665-4CDA-B1FC-A61877373C01}
		{64BB62E8-17FC-4C0D-B410-C59DDBE84D92} = {64BB62E8-17FC-4C0D-B410-C59DDBE84D92}
	EndProjectSection
EndProject
Project("{8BC9CEB8-8B4A-11D0-8D11-00A0C91BC942}") = "VbaCC_Msg", "..\src\VbaCC_Msg\VbaCC_Msg.vcproj", "{FC3508BC-0944-4A22-813A-1771E13A1DE1}"
EndProject
Project("{8BC9CEB8-8B4A-11D0-8D11-00A0C91BC942}") = "Win32Tools", "..\3rd\JetByteTools\Win32Tools\Win32Tools.2005.vcproj", "{64BB62E8-17FC-4C0D-B410-C59DDBE84D92}"
EndProject
Project("{8BC9CEB8-8B4A-11D0-8D11-00A0C91BC942}") = "VbaTaskAssignment", "..\src\VbaTaskAssignment\VbaTaskAssignment.vcproj", "{731D6AA6-B0B5-4329-90A1-F1FF61894DB9}"
EndProject
Project("{8BC9CEB8-8B4A-11D0-8D11-00A0C91BC942}") = "VbaTaskAssignmentPS", "..\src\VbaTaskAssignment\VbaTaskAssignmentPS.vcproj", "{09311F1B-1468-4550-A5D9-018D3D7F3615}"
	ProjectSection(ProjectDependencies) = postProject
		{731D6AA6-B0B5-4329-90A1-F1FF61894DB9} = {731D6AA6-B0B5-4329-90A1-F1FF61894DB9}
	EndProjectSection
EndProject
Project("{8BC9CEB8-8B4A-11D0-8D11-00A0C91BC942}") = "libcurl", "..\3rd\curl\lib\libcurl.vcproj", "{87EE9DA4-DE1E-4448-8324-183C98DCA588}"
EndProject
Project("{8BC9CEB8-8B4A-11D0-8D11-00A0C91BC942}") = "common", "..\deps\common\make\common.vcproj", "{BE3BF7CA-E665-4CDA-B1FC-A61877373C01}"
EndProject
Project("{8BC9CEB8-8B4A-11D0-8D11-00A0C91BC942}") = "zlib", "..\3rd\zlib\lib\zlib.vcproj", "{745DEC58-EBB3-47A9-A9B8-4C6627C01BF8}"
EndProject
Project("{8BC9CEB8-8B4A-11D0-8D11-00A0C91BC942}") = "deprecated", "..\deps\common\deprecated\make\deprecated.vcproj", "{5A82DFD5-6E7E-4955-9E34-A25DA78CBA55}"
EndProject
Project("{2150E333-8FDC-42A3-9474-1A3956D46DE8}") = "deps", "deps", "{7354ABED-96EE-48F2-AE61-9272D82BE1FC}"
EndProject
Project("{2150E333-8FDC-42A3-9474-1A3956D46DE8}") = "3rd", "3rd", "{2343E763-5166-4BEB-9A09-FA6F630FF7E6}"
EndProject
Project("{2150E333-8FDC-42A3-9474-1A3956D46DE8}") = "cc", "cc", "{6CC9E443-5E95-4254-B394-E96C3F1270ED}"
EndProject
Project("{8BC9CEB8-8B4A-11D0-8D11-00A0C91BC942}") = "libupdate", "..\deps\common\deprecated\make\libupdate.vcproj", "{EA1DB23A-4B31-4226-A11B-49B67178B000}"
EndProject
Project("{8BC9CEB8-8B4A-11D0-8D11-00A0C91BC942}") = "deprecated_unicode", "..\deps\common\deprecated\make\deprecated_unicode.vcproj", "{F7F3AADE-E5F3-4ED5-BA5F-0117E1BFB452}"
EndProject
Project("{8BC9CEB8-8B4A-11D0-8D11-00A0C91BC942}") = "libcrypt-devel", "..\deps\common\deprecated\libcrypt-devel\libcrypt.vcproj", "{04290386-D9EF-4B86-B3FA-55D72BEDBD4A}"
EndProject
Global
	GlobalSection(SolutionConfigurationPlatforms) = preSolution
		Debug|Win32 = Debug|Win32
		Debug|x64 = Debug|x64
		Release|Win32 = Release|Win32
		Release|x64 = Release|x64
	EndGlobalSection
	GlobalSection(ProjectConfigurationPlatforms) = postSolution
		{7BE0FA6B-CD86-4129-A0FA-AABC597A80B6}.Debug|Win32.ActiveCfg = Debug|Win32
		{7BE0FA6B-CD86-4129-A0FA-AABC597A80B6}.Debug|Win32.Build.0 = Debug|Win32
		{7BE0FA6B-CD86-4129-A0FA-AABC597A80B6}.Debug|x64.ActiveCfg = Debug|Win32
		{7BE0FA6B-CD86-4129-A0FA-AABC597A80B6}.Release|Win32.ActiveCfg = ReleaseStatic|Win32
		{7BE0FA6B-CD86-4129-A0FA-AABC597A80B6}.Release|Win32.Build.0 = ReleaseStatic|Win32
		{7BE0FA6B-CD86-4129-A0FA-AABC597A80B6}.Release|x64.ActiveCfg = Release|Win32
		{FC3508BC-0944-4A22-813A-1771E13A1DE1}.Debug|Win32.ActiveCfg = Debug|Win32
		{FC3508BC-0944-4A22-813A-1771E13A1DE1}.Debug|Win32.Build.0 = Debug|Win32
		{FC3508BC-0944-4A22-813A-1771E13A1DE1}.Debug|x64.ActiveCfg = Debug|Win32
		{FC3508BC-0944-4A22-813A-1771E13A1DE1}.Release|Win32.ActiveCfg = Release|Win32
		{FC3508BC-0944-4A22-813A-1771E13A1DE1}.Release|Win32.Build.0 = Release|Win32
		{FC3508BC-0944-4A22-813A-1771E13A1DE1}.Release|x64.ActiveCfg = Release|Win32
		{64BB62E8-17FC-4C0D-B410-C59DDBE84D92}.Debug|Win32.ActiveCfg = Debug|Win32
		{64BB62E8-17FC-4C0D-B410-C59DDBE84D92}.Debug|Win32.Build.0 = Debug|Win32
		{64BB62E8-17FC-4C0D-B410-C59DDBE84D92}.Debug|x64.ActiveCfg = Debug|Win32
		{64BB62E8-17FC-4C0D-B410-C59DDBE84D92}.Release|Win32.ActiveCfg = Release|Win32
		{64BB62E8-17FC-4C0D-B410-C59DDBE84D92}.Release|Win32.Build.0 = Release|Win32
		{64BB62E8-17FC-4C0D-B410-C59DDBE84D92}.Release|x64.ActiveCfg = Release|Win32
		{731D6AA6-B0B5-4329-90A1-F1FF61894DB9}.Debug|Win32.ActiveCfg = DebugStatic|Win32
		{731D6AA6-B0B5-4329-90A1-F1FF61894DB9}.Debug|Win32.Build.0 = DebugStatic|Win32
		{731D6AA6-B0B5-4329-90A1-F1FF61894DB9}.Debug|x64.ActiveCfg = Debug|Win32
		{731D6AA6-B0B5-4329-90A1-F1FF61894DB9}.Release|Win32.ActiveCfg = Release|Win32
		{731D6AA6-B0B5-4329-90A1-F1FF61894DB9}.Release|Win32.Build.0 = Release|Win32
		{731D6AA6-B0B5-4329-90A1-F1FF61894DB9}.Release|x64.ActiveCfg = Release|Win32
		{09311F1B-1468-4550-A5D9-018D3D7F3615}.Debug|Win32.ActiveCfg = DebugStatic|Win32
		{09311F1B-1468-4550-A5D9-018D3D7F3615}.Debug|Win32.Build.0 = DebugStatic|Win32
		{09311F1B-1468-4550-A5D9-018D3D7F3615}.Debug|x64.ActiveCfg = Debug|Win32
		{09311F1B-1468-4550-A5D9-018D3D7F3615}.Release|Win32.ActiveCfg = Release|Win32
		{09311F1B-1468-4550-A5D9-018D3D7F3615}.Release|Win32.Build.0 = Release|Win32
		{09311F1B-1468-4550-A5D9-018D3D7F3615}.Release|x64.ActiveCfg = Release|Win32
		{87EE9DA4-DE1E-4448-8324-183C98DCA588}.Debug|Win32.ActiveCfg = DebugStatic|Win32
		{87EE9DA4-DE1E-4448-8324-183C98DCA588}.Debug|Win32.Build.0 = DebugStatic|Win32
		{87EE9DA4-DE1E-4448-8324-183C98DCA588}.Debug|x64.ActiveCfg = Debug|x64
		{87EE9DA4-DE1E-4448-8324-183C98DCA588}.Debug|x64.Build.0 = Debug|x64
		{87EE9DA4-DE1E-4448-8324-183C98DCA588}.Release|Win32.ActiveCfg = ReleaseStatic|Win32
		{87EE9DA4-DE1E-4448-8324-183C98DCA588}.Release|Win32.Build.0 = ReleaseStatic|Win32
		{87EE9DA4-DE1E-4448-8324-183C98DCA588}.Release|x64.ActiveCfg = Release|x64
		{87EE9DA4-DE1E-4448-8324-183C98DCA588}.Release|x64.Build.0 = Release|x64
		{BE3BF7CA-E665-4CDA-B1FC-A61877373C01}.Debug|Win32.ActiveCfg = DebugStatic|Win32
		{BE3BF7CA-E665-4CDA-B1FC-A61877373C01}.Debug|Win32.Build.0 = DebugStatic|Win32
		{BE3BF7CA-E665-4CDA-B1FC-A61877373C01}.Debug|x64.ActiveCfg = Debug|x64
		{BE3BF7CA-E665-4CDA-B1FC-A61877373C01}.Debug|x64.Build.0 = Debug|x64
		{BE3BF7CA-E665-4CDA-B1FC-A61877373C01}.Release|Win32.ActiveCfg = ReleaseStatic|Win32
		{BE3BF7CA-E665-4CDA-B1FC-A61877373C01}.Release|Win32.Build.0 = ReleaseStatic|Win32
		{BE3BF7CA-E665-4CDA-B1FC-A61877373C01}.Release|x64.ActiveCfg = Release|x64
		{BE3BF7CA-E665-4CDA-B1FC-A61877373C01}.Release|x64.Build.0 = Release|x64
		{745DEC58-EBB3-47A9-A9B8-4C6627C01BF8}.Debug|Win32.ActiveCfg = DebugStatic|Win32
		{745DEC58-EBB3-47A9-A9B8-4C6627C01BF8}.Debug|Win32.Build.0 = DebugStatic|Win32
		{745DEC58-EBB3-47A9-A9B8-4C6627C01BF8}.Debug|x64.ActiveCfg = Debug|x64
		{745DEC58-EBB3-47A9-A9B8-4C6627C01BF8}.Debug|x64.Build.0 = Debug|x64
		{745DEC58-EBB3-47A9-A9B8-4C6627C01BF8}.Release|Win32.ActiveCfg = ReleaseStatic|Win32
		{745DEC58-EBB3-47A9-A9B8-4C6627C01BF8}.Release|Win32.Build.0 = ReleaseStatic|Win32
		{745DEC58-EBB3-47A9-A9B8-4C6627C01BF8}.Release|x64.ActiveCfg = Release|x64
		{745DEC58-EBB3-47A9-A9B8-4C6627C01BF8}.Release|x64.Build.0 = Release|x64
		{5A82DFD5-6E7E-4955-9E34-A25DA78CBA55}.Debug|Win32.ActiveCfg = DebugStatic|Win32
		{5A82DFD5-6E7E-4955-9E34-A25DA78CBA55}.Debug|Win32.Build.0 = DebugStatic|Win32
		{5A82DFD5-6E7E-4955-9E34-A25DA78CBA55}.Debug|x64.ActiveCfg = Debug|Win32
		{5A82DFD5-6E7E-4955-9E34-A25DA78CBA55}.Release|Win32.ActiveCfg = ReleaseStatic|Win32
		{5A82DFD5-6E7E-4955-9E34-A25DA78CBA55}.Release|Win32.Build.0 = ReleaseStatic|Win32
		{5A82DFD5-6E7E-4955-9E34-A25DA78CBA55}.Release|x64.ActiveCfg = Release|Win32
		{EA1DB23A-4B31-4226-A11B-49B67178B000}.Debug|Win32.ActiveCfg = DebugStatic|Win32
		{EA1DB23A-4B31-4226-A11B-49B67178B000}.Debug|Win32.Build.0 = DebugStatic|Win32
		{EA1DB23A-4B31-4226-A11B-49B67178B000}.Debug|x64.ActiveCfg = Debug|Win32
		{EA1DB23A-4B31-4226-A11B-49B67178B000}.Release|Win32.ActiveCfg = ReleaseStatic|Win32
		{EA1DB23A-4B31-4226-A11B-49B67178B000}.Release|Win32.Build.0 = ReleaseStatic|Win32
		{EA1DB23A-4B31-4226-A11B-49B67178B000}.Release|x64.ActiveCfg = Release|Win32
		{F7F3AADE-E5F3-4ED5-BA5F-0117E1BFB452}.Debug|Win32.ActiveCfg = DebugStatic|Win32
		{F7F3AADE-E5F3-4ED5-BA5F-0117E1BFB452}.Debug|Win32.Build.0 = DebugStatic|Win32
		{F7F3AADE-E5F3-4ED5-BA5F-0117E1BFB452}.Debug|x64.ActiveCfg = Debug|Win32
		{F7F3AADE-E5F3-4ED5-BA5F-0117E1BFB452}.Release|Win32.ActiveCfg = ReleaseStatic|Win32
		{F7F3AADE-E5F3-4ED5-BA5F-0117E1BFB452}.Release|Win32.Build.0 = ReleaseStatic|Win32
		{F7F3AADE-E5F3-4ED5-BA5F-0117E1BFB452}.Release|x64.ActiveCfg = Release|Win32
		{04290386-D9EF-4B86-B3FA-55D72BEDBD4A}.Debug|Win32.ActiveCfg = DebugStatic|Win32
		{04290386-D9EF-4B86-B3FA-55D72BEDBD4A}.Debug|Win32.Build.0 = DebugStatic|Win32
		{04290386-D9EF-4B86-B3FA-55D72BEDBD4A}.Debug|x64.ActiveCfg = Debug|x64
		{04290386-D9EF-4B86-B3FA-55D72BEDBD4A}.Debug|x64.Build.0 = Debug|x64
		{04290386-D9EF-4B86-B3FA-55D72BEDBD4A}.Release|Win32.ActiveCfg = ReleaseStatic|Win32
		{04290386-D9EF-4B86-B3FA-55D72BEDBD4A}.Release|Win32.Build.0 = ReleaseStatic|Win32
		{04290386-D9EF-4B86-B3FA-55D72BEDBD4A}.Release|x64.ActiveCfg = Release|x64
		{04290386-D9EF-4B86-B3FA-55D72BEDBD4A}.Release|x64.Build.0 = Release|x64
	EndGlobalSection
	GlobalSection(SolutionProperties) = preSolution
		HideSolutionNode = FALSE
	EndGlobalSection
	GlobalSection(NestedProjects) = preSolution
		{FC3508BC-0944-4A22-813A-1771E13A1DE1} = {6CC9E443-5E95-4254-B394-E96C3F1270ED}
		{731D6AA6-B0B5-4329-90A1-F1FF61894DB9} = {6CC9E443-5E95-4254-B394-E96C3F1270ED}
		{09311F1B-1468-4550-A5D9-018D3D7F3615} = {6CC9E443-5E95-4254-B394-E96C3F1270ED}
		{7BE0FA6B-CD86-4129-A0FA-AABC597A80B6} = {6CC9E443-5E95-4254-B394-E96C3F1270ED}
		{87EE9DA4-DE1E-4448-8324-183C98DCA588} = {2343E763-5166-4BEB-9A09-FA6F630FF7E6}
		{745DEC58-EBB3-47A9-A9B8-4C6627C01BF8} = {2343E763-5166-4BEB-9A09-FA6F630FF7E6}
		{64BB62E8-17FC-4C0D-B410-C59DDBE84D92} = {2343E763-5166-4BEB-9A09-FA6F630FF7E6}
		{5A82DFD5-6E7E-4955-9E34-A25DA78CBA55} = {7354ABED-96EE-48F2-AE61-9272D82BE1FC}
		{BE3BF7CA-E665-4CDA-B1FC-A61877373C01} = {7354ABED-96EE-48F2-AE61-9272D82BE1FC}
		{EA1DB23A-4B31-4226-A11B-49B67178B000} = {7354ABED-96EE-48F2-AE61-9272D82BE1FC}
		{F7F3AADE-E5F3-4ED5-BA5F-0117E1BFB452} = {7354ABED-96EE-48F2-AE61-9272D82BE1FC}
		{04290386-D9EF-4B86-B3FA-55D72BEDBD4A} = {7354ABED-96EE-48F2-AE61-9272D82BE1FC}
	EndGlobalSection
EndGlobal
