
Microsoft Visual Studio Solution File, Format Version 11.00
# Visual Studio 2010
Project("{FAE04EC0-301F-11D3-BF4B-00C04F79EFBC}") = "packet_parser", "..\src\packet_parser\packet_parser.csproj", "{CA20C7E3-42BF-4CB2-9B68-D2AD6EBB41C7}"
EndProject
Global
	GlobalSection(SolutionConfigurationPlatforms) = preSolution
		Debug|Any CPU = Debug|Any CPU
		Release|Any CPU = Release|Any CPU
	EndGlobalSection
	GlobalSection(ProjectConfigurationPlatforms) = postSolution
		{CA20C7E3-42BF-4CB2-9B68-D2AD6EBB41C7}.Debug|Any CPU.ActiveCfg = Debug|Any CPU
		{CA20C7E3-42BF-4CB2-9B68-D2AD6EBB41C7}.Debug|Any CPU.Build.0 = Debug|Any CPU
		{CA20C7E3-42BF-4CB2-9B68-D2AD6EBB41C7}.Release|Any CPU.ActiveCfg = Release|Any CPU
		{CA20C7E3-42BF-4CB2-9B68-D2AD6EBB41C7}.Release|Any CPU.Build.0 = Release|Any CPU
	EndGlobalSection
	GlobalSection(SolutionProperties) = preSolution
		HideSolutionNode = FALSE
	EndGlobalSection
EndGlobal
