
Microsoft Visual Studio Solution File, Format Version 12.00
# Visual Studio 2013
VisualStudioVersion = 12.0.21005.1
MinimumVisualStudioVersion = 10.0.40219.1
Project("{FAE04EC0-301F-11D3-BF4B-00C04F79EFBC}") = "WebApplication1", "..\src\WebApplication1\WebApplication1.csproj", "{6DD40855-67CE-4494-9B0E-2FE3D9C93C1D}"
EndProject
Project("{2150E333-8FDC-42A3-9474-1A3956D46DE8}") = ".nuget", ".nuget", "{34D57C5F-7C88-4244-88AB-8CB44FE18CD6}"
EndProject
Project("{2150E333-8FDC-42A3-9474-1A3956D46DE8}") = "DB", "DB", "{860E30E3-1B3D-4DB7-9FD8-F575AB5C693E}"
EndProject
Project("{00D1A9C2-B5F0-4AF3-8072-F6C62B433612}") = "VbaControlCenterDB", "..\src\DB\VbaControlCenterDB\VbaControlCenterDB.sqlproj", "{14489363-6CB4-4EC3-AC1E-2E29764D781C}"
EndProject
Project("{2150E333-8FDC-42A3-9474-1A3956D46DE8}") = "Libraries", "Libraries", "{E1D4361D-139B-4B1D-AE6D-1AA74558DCE6}"
EndProject
Project("{FAE04EC0-301F-11D3-BF4B-00C04F79EFBC}") = "Common", "..\src\Libraries\Common\Common.csproj", "{C8F6D412-C657-438C-BBE3-842FB4466440}"
EndProject
Project("{FAE04EC0-301F-11D3-BF4B-00C04F79EFBC}") = "CustomControls", "..\src\Libraries\CustomControls\CustomControls.csproj", "{F3A2BFE1-2C76-4828-94B2-607CE9C12E34}"
EndProject
Project("{FAE04EC0-301F-11D3-BF4B-00C04F79EFBC}") = "Filters", "..\src\Libraries\Filters\Filters.csproj", "{C09A5B35-526F-4A85-9046-909E9D811BBD}"
EndProject
Project("{FAE04EC0-301F-11D3-BF4B-00C04F79EFBC}") = "RemoteOperations", "..\src\Libraries\RemoteOperations\RemoteOperations.csproj", "{B2BE16C6-0F9A-48B8-A200-7415ABDC8A50}"
EndProject
Project("{FAE04EC0-301F-11D3-BF4B-00C04F79EFBC}") = "Settings", "..\src\Libraries\Settings\Settings.csproj", "{28D5DA26-7732-44A5-9720-BA779BCC2D29}"
EndProject
Project("{FAE04EC0-301F-11D3-BF4B-00C04F79EFBC}") = "Tasks", "..\src\Libraries\Tasks\Tasks.csproj", "{96854EC3-AEBB-4A36-B84F-C5B4FEC76371}"
EndProject
Project("{2150E333-8FDC-42A3-9474-1A3956D46DE8}") = "Services", "Services", "{1C7239D1-E062-4068-BE92-AC8F00D8CABD}"
EndProject
Project("{FAE04EC0-301F-11D3-BF4B-00C04F79EFBC}") = "packet_parser", "..\src\Services\packet_parser\packet_parser.csproj", "{CA20C7E3-42BF-4CB2-9B68-D2AD6EBB41C7}"
EndProject
Project("{FAE04EC0-301F-11D3-BF4B-00C04F79EFBC}") = "Vba32NS", "..\src\Services\Vba32NS\Vba32NS.csproj", "{C89D783D-01F8-4D52-A785-ABE9D3D18CD4}"
EndProject
Project("{FAE04EC0-301F-11D3-BF4B-00C04F79EFBC}") = "Vba32PMS", "..\src\Services\Vba32PMS\Vba32PMS.csproj", "{E85D871A-7F3A-44D2-A111-A66610AF3335}"
EndProject
Project("{FAE04EC0-301F-11D3-BF4B-00C04F79EFBC}") = "Vba32SS", "..\src\Services\Vba32SS\Vba32SS.csproj", "{D5535C03-33AA-4DA2-822A-CB330E0DF0A7}"
EndProject
Project("{2150E333-8FDC-42A3-9474-1A3956D46DE8}") = "Tests", "Tests", "{E6CE881D-2B2E-48BC-8EFA-395271C01A91}"
EndProject
Project("{2150E333-8FDC-42A3-9474-1A3956D46DE8}") = "Integration", "Integration", "{050FE981-5750-42A6-A05A-A93848751F3B}"
EndProject
Project("{2150E333-8FDC-42A3-9474-1A3956D46DE8}") = "Unit", "Unit", "{AADEF64F-C07C-4BC9-99F8-5EFA3A3D6E6C}"
EndProject
Project("{FAE04EC0-301F-11D3-BF4B-00C04F79EFBC}") = "IntegrationTests", "..\src\Tests\Integration\IntegrationTests\IntegrationTests.csproj", "{1BFC32C7-1BC9-48AC-BC50-6CDC88BCDF7C}"
EndProject
Project("{FAE04EC0-301F-11D3-BF4B-00C04F79EFBC}") = "ARM2_dbcontrol.UnitTests", "..\src\Tests\Unit\ARM2_dbcontrol.UnitTests\ARM2_dbcontrol.UnitTests.csproj", "{6ED3869F-31ED-4FA1-9C8A-5A4DD4E4E2E5}"
EndProject
Project("{FAE04EC0-301F-11D3-BF4B-00C04F79EFBC}") = "ARM2_dbcontrol", "..\src\Libraries\ARM2_dbcontrol\ARM2_dbcontrol.csproj", "{92AE384B-3F82-42AB-872F-98636FD00B12}"
EndProject
Global
	GlobalSection(SolutionConfigurationPlatforms) = preSolution
		Debug|Any CPU = Debug|Any CPU
		Release|Any CPU = Release|Any CPU
	EndGlobalSection
	GlobalSection(ProjectConfigurationPlatforms) = postSolution
		{6DD40855-67CE-4494-9B0E-2FE3D9C93C1D}.Debug|Any CPU.ActiveCfg = Debug|Any CPU
		{6DD40855-67CE-4494-9B0E-2FE3D9C93C1D}.Debug|Any CPU.Build.0 = Debug|Any CPU
		{6DD40855-67CE-4494-9B0E-2FE3D9C93C1D}.Release|Any CPU.ActiveCfg = Release|Any CPU
		{6DD40855-67CE-4494-9B0E-2FE3D9C93C1D}.Release|Any CPU.Build.0 = Release|Any CPU
		{14489363-6CB4-4EC3-AC1E-2E29764D781C}.Debug|Any CPU.ActiveCfg = Debug|Any CPU
		{14489363-6CB4-4EC3-AC1E-2E29764D781C}.Debug|Any CPU.Build.0 = Debug|Any CPU
		{14489363-6CB4-4EC3-AC1E-2E29764D781C}.Release|Any CPU.ActiveCfg = Release|Any CPU
		{14489363-6CB4-4EC3-AC1E-2E29764D781C}.Release|Any CPU.Build.0 = Release|Any CPU
		{14489363-6CB4-4EC3-AC1E-2E29764D781C}.Release|Any CPU.Deploy.0 = Release|Any CPU
		{C8F6D412-C657-438C-BBE3-842FB4466440}.Debug|Any CPU.ActiveCfg = Debug|Any CPU
		{C8F6D412-C657-438C-BBE3-842FB4466440}.Debug|Any CPU.Build.0 = Debug|Any CPU
		{C8F6D412-C657-438C-BBE3-842FB4466440}.Release|Any CPU.ActiveCfg = Release|Any CPU
		{C8F6D412-C657-438C-BBE3-842FB4466440}.Release|Any CPU.Build.0 = Release|Any CPU
		{F3A2BFE1-2C76-4828-94B2-607CE9C12E34}.Debug|Any CPU.ActiveCfg = Debug|Any CPU
		{F3A2BFE1-2C76-4828-94B2-607CE9C12E34}.Debug|Any CPU.Build.0 = Debug|Any CPU
		{F3A2BFE1-2C76-4828-94B2-607CE9C12E34}.Release|Any CPU.ActiveCfg = Release|Any CPU
		{F3A2BFE1-2C76-4828-94B2-607CE9C12E34}.Release|Any CPU.Build.0 = Release|Any CPU
		{C09A5B35-526F-4A85-9046-909E9D811BBD}.Debug|Any CPU.ActiveCfg = Debug|Any CPU
		{C09A5B35-526F-4A85-9046-909E9D811BBD}.Debug|Any CPU.Build.0 = Debug|Any CPU
		{C09A5B35-526F-4A85-9046-909E9D811BBD}.Release|Any CPU.ActiveCfg = Release|Any CPU
		{C09A5B35-526F-4A85-9046-909E9D811BBD}.Release|Any CPU.Build.0 = Release|Any CPU
		{B2BE16C6-0F9A-48B8-A200-7415ABDC8A50}.Debug|Any CPU.ActiveCfg = Debug|Any CPU
		{B2BE16C6-0F9A-48B8-A200-7415ABDC8A50}.Debug|Any CPU.Build.0 = Debug|Any CPU
		{B2BE16C6-0F9A-48B8-A200-7415ABDC8A50}.Release|Any CPU.ActiveCfg = Release|Any CPU
		{B2BE16C6-0F9A-48B8-A200-7415ABDC8A50}.Release|Any CPU.Build.0 = Release|Any CPU
		{28D5DA26-7732-44A5-9720-BA779BCC2D29}.Debug|Any CPU.ActiveCfg = Debug|Any CPU
		{28D5DA26-7732-44A5-9720-BA779BCC2D29}.Debug|Any CPU.Build.0 = Debug|Any CPU
		{28D5DA26-7732-44A5-9720-BA779BCC2D29}.Release|Any CPU.ActiveCfg = Release|Any CPU
		{28D5DA26-7732-44A5-9720-BA779BCC2D29}.Release|Any CPU.Build.0 = Release|Any CPU
		{96854EC3-AEBB-4A36-B84F-C5B4FEC76371}.Debug|Any CPU.ActiveCfg = Debug|Any CPU
		{96854EC3-AEBB-4A36-B84F-C5B4FEC76371}.Debug|Any CPU.Build.0 = Debug|Any CPU
		{96854EC3-AEBB-4A36-B84F-C5B4FEC76371}.Release|Any CPU.ActiveCfg = Release|Any CPU
		{96854EC3-AEBB-4A36-B84F-C5B4FEC76371}.Release|Any CPU.Build.0 = Release|Any CPU
		{CA20C7E3-42BF-4CB2-9B68-D2AD6EBB41C7}.Debug|Any CPU.ActiveCfg = Debug|Any CPU
		{CA20C7E3-42BF-4CB2-9B68-D2AD6EBB41C7}.Debug|Any CPU.Build.0 = Debug|Any CPU
		{CA20C7E3-42BF-4CB2-9B68-D2AD6EBB41C7}.Release|Any CPU.ActiveCfg = Release|Any CPU
		{CA20C7E3-42BF-4CB2-9B68-D2AD6EBB41C7}.Release|Any CPU.Build.0 = Release|Any CPU
		{C89D783D-01F8-4D52-A785-ABE9D3D18CD4}.Debug|Any CPU.ActiveCfg = Debug|Any CPU
		{C89D783D-01F8-4D52-A785-ABE9D3D18CD4}.Debug|Any CPU.Build.0 = Debug|Any CPU
		{C89D783D-01F8-4D52-A785-ABE9D3D18CD4}.Release|Any CPU.ActiveCfg = Release|Any CPU
		{C89D783D-01F8-4D52-A785-ABE9D3D18CD4}.Release|Any CPU.Build.0 = Release|Any CPU
		{E85D871A-7F3A-44D2-A111-A66610AF3335}.Debug|Any CPU.ActiveCfg = Debug|Any CPU
		{E85D871A-7F3A-44D2-A111-A66610AF3335}.Debug|Any CPU.Build.0 = Debug|Any CPU
		{E85D871A-7F3A-44D2-A111-A66610AF3335}.Release|Any CPU.ActiveCfg = Release|Any CPU
		{E85D871A-7F3A-44D2-A111-A66610AF3335}.Release|Any CPU.Build.0 = Release|Any CPU
		{D5535C03-33AA-4DA2-822A-CB330E0DF0A7}.Debug|Any CPU.ActiveCfg = Debug|Any CPU
		{D5535C03-33AA-4DA2-822A-CB330E0DF0A7}.Debug|Any CPU.Build.0 = Debug|Any CPU
		{D5535C03-33AA-4DA2-822A-CB330E0DF0A7}.Release|Any CPU.ActiveCfg = Release|Any CPU
		{D5535C03-33AA-4DA2-822A-CB330E0DF0A7}.Release|Any CPU.Build.0 = Release|Any CPU
		{1BFC32C7-1BC9-48AC-BC50-6CDC88BCDF7C}.Debug|Any CPU.ActiveCfg = Debug|Any CPU
		{1BFC32C7-1BC9-48AC-BC50-6CDC88BCDF7C}.Debug|Any CPU.Build.0 = Debug|Any CPU
		{1BFC32C7-1BC9-48AC-BC50-6CDC88BCDF7C}.Release|Any CPU.ActiveCfg = Release|Any CPU
		{1BFC32C7-1BC9-48AC-BC50-6CDC88BCDF7C}.Release|Any CPU.Build.0 = Release|Any CPU
		{6ED3869F-31ED-4FA1-9C8A-5A4DD4E4E2E5}.Debug|Any CPU.ActiveCfg = Debug|Any CPU
		{6ED3869F-31ED-4FA1-9C8A-5A4DD4E4E2E5}.Debug|Any CPU.Build.0 = Debug|Any CPU
		{6ED3869F-31ED-4FA1-9C8A-5A4DD4E4E2E5}.Release|Any CPU.ActiveCfg = Release|Any CPU
		{6ED3869F-31ED-4FA1-9C8A-5A4DD4E4E2E5}.Release|Any CPU.Build.0 = Release|Any CPU
		{92AE384B-3F82-42AB-872F-98636FD00B12}.Debug|Any CPU.ActiveCfg = Debug|Any CPU
		{92AE384B-3F82-42AB-872F-98636FD00B12}.Debug|Any CPU.Build.0 = Debug|Any CPU
		{92AE384B-3F82-42AB-872F-98636FD00B12}.Release|Any CPU.ActiveCfg = Release|Any CPU
		{92AE384B-3F82-42AB-872F-98636FD00B12}.Release|Any CPU.Build.0 = Release|Any CPU
	EndGlobalSection
	GlobalSection(SolutionProperties) = preSolution
		HideSolutionNode = FALSE
	EndGlobalSection
	GlobalSection(NestedProjects) = preSolution
		{14489363-6CB4-4EC3-AC1E-2E29764D781C} = {860E30E3-1B3D-4DB7-9FD8-F575AB5C693E}
		{C8F6D412-C657-438C-BBE3-842FB4466440} = {E1D4361D-139B-4B1D-AE6D-1AA74558DCE6}
		{F3A2BFE1-2C76-4828-94B2-607CE9C12E34} = {E1D4361D-139B-4B1D-AE6D-1AA74558DCE6}
		{C09A5B35-526F-4A85-9046-909E9D811BBD} = {E1D4361D-139B-4B1D-AE6D-1AA74558DCE6}
		{B2BE16C6-0F9A-48B8-A200-7415ABDC8A50} = {E1D4361D-139B-4B1D-AE6D-1AA74558DCE6}
		{28D5DA26-7732-44A5-9720-BA779BCC2D29} = {E1D4361D-139B-4B1D-AE6D-1AA74558DCE6}
		{96854EC3-AEBB-4A36-B84F-C5B4FEC76371} = {E1D4361D-139B-4B1D-AE6D-1AA74558DCE6}
		{92AE384B-3F82-42AB-872F-98636FD00B12} = {E1D4361D-139B-4B1D-AE6D-1AA74558DCE6}
		{CA20C7E3-42BF-4CB2-9B68-D2AD6EBB41C7} = {1C7239D1-E062-4068-BE92-AC8F00D8CABD}
		{C89D783D-01F8-4D52-A785-ABE9D3D18CD4} = {1C7239D1-E062-4068-BE92-AC8F00D8CABD}
		{E85D871A-7F3A-44D2-A111-A66610AF3335} = {1C7239D1-E062-4068-BE92-AC8F00D8CABD}
		{D5535C03-33AA-4DA2-822A-CB330E0DF0A7} = {1C7239D1-E062-4068-BE92-AC8F00D8CABD}
		{050FE981-5750-42A6-A05A-A93848751F3B} = {E6CE881D-2B2E-48BC-8EFA-395271C01A91}
		{AADEF64F-C07C-4BC9-99F8-5EFA3A3D6E6C} = {E6CE881D-2B2E-48BC-8EFA-395271C01A91}
		{1BFC32C7-1BC9-48AC-BC50-6CDC88BCDF7C} = {050FE981-5750-42A6-A05A-A93848751F3B}
		{6ED3869F-31ED-4FA1-9C8A-5A4DD4E4E2E5} = {AADEF64F-C07C-4BC9-99F8-5EFA3A3D6E6C}
	EndGlobalSection
EndGlobal
