
Microsoft Visual Studio Solution File, Format Version 11.00
# Visual Studio 2010
Project("{E24C65DC-7377-472B-9ABA-BC803B73C61A}") = "WebConsole", "..\src\WebConsole\", "{870FD66C-2B79-4B36-86EC-5A252C2208A5}"
	ProjectSection(WebsiteProperties) = preProject
		TargetFrameworkMoniker = ".NETFramework,Version%3Dv4.0"
		ProjectReferences = "{92AE384B-3F82-42AB-872F-98636FD00B12}|ARM2_dbcontrol.dll;{B2BE16C6-0F9A-48B8-A200-7415ABDC8A50}|RemoteOperations.dll;{F3A2BFE1-2C76-4828-94B2-607CE9C12E34}|CustomControls.dll;{C09A5B35-526F-4A85-9046-909E9D811BBD}|Filters.dll;{C8F6D412-C657-438C-BBE3-842FB4466440}|Common.dll;{96854EC3-AEBB-4A36-B84F-C5B4FEC76371}|Tasks.dll;{28D5DA26-7732-44A5-9720-BA779BCC2D29}|Settings.dll;"
		Debug.AspNetCompiler.VirtualPath = "/WebConsole"
		Debug.AspNetCompiler.PhysicalPath = "..\src\WebConsole\"
		Debug.AspNetCompiler.TargetPath = "PrecompiledWeb\WebConsole\"
		Debug.AspNetCompiler.Updateable = "true"
		Debug.AspNetCompiler.ForceOverwrite = "true"
		Debug.AspNetCompiler.FixedNames = "false"
		Debug.AspNetCompiler.Debug = "True"
		Release.AspNetCompiler.VirtualPath = "/WebConsole"
		Release.AspNetCompiler.PhysicalPath = "..\src\WebConsole\"
		Release.AspNetCompiler.TargetPath = "PrecompiledWeb\WebConsole\"
		Release.AspNetCompiler.Updateable = "true"
		Release.AspNetCompiler.ForceOverwrite = "true"
		Release.AspNetCompiler.FixedNames = "false"
		Release.AspNetCompiler.Debug = "False"
		VWDPort = "50886"
	EndProjectSection
EndProject
Project("{2CFEAB61-6A3B-4EB8-B523-560B4BEEF521}") = "WebConsole_deploy", "WebConsole_deploy\WebConsole_deploy.wdproj", "{D35BFB5F-CF61-4B3B-A3E7-C988FA7786E8}"
EndProject
Project("{2150E333-8FDC-42A3-9474-1A3956D46DE8}") = "Services", "Services", "{0FD513F1-3138-49B7-9659-2BDD6CCC41C5}"
EndProject
Project("{FAE04EC0-301F-11D3-BF4B-00C04F79EFBC}") = "Vba32PMS", "..\src\Services\Vba32PMS\Vba32PMS.csproj", "{E85D871A-7F3A-44D2-A111-A66610AF3335}"
EndProject
Project("{FAE04EC0-301F-11D3-BF4B-00C04F79EFBC}") = "Vba32SS", "..\src\Services\Vba32SS\Vba32SS.csproj", "{D5535C03-33AA-4DA2-822A-CB330E0DF0A7}"
EndProject
Project("{FAE04EC0-301F-11D3-BF4B-00C04F79EFBC}") = "Vba32NS", "..\src\Services\Vba32NS\Vba32NS.csproj", "{C89D783D-01F8-4D52-A785-ABE9D3D18CD4}"
EndProject
Project("{FAE04EC0-301F-11D3-BF4B-00C04F79EFBC}") = "packet_parser", "..\src\Services\packet_parser\packet_parser.csproj", "{CA20C7E3-42BF-4CB2-9B68-D2AD6EBB41C7}"
EndProject
Project("{2150E333-8FDC-42A3-9474-1A3956D46DE8}") = "Libraries", "Libraries", "{1198B89E-E557-43B3-8F27-E8C5B72B400C}"
EndProject
Project("{FAE04EC0-301F-11D3-BF4B-00C04F79EFBC}") = "ARM2_dbcontrol", "..\src\Libraries\ARM2_dbcontrol\ARM2_dbcontrol.csproj", "{92AE384B-3F82-42AB-872F-98636FD00B12}"
EndProject
Project("{FAE04EC0-301F-11D3-BF4B-00C04F79EFBC}") = "RemoteOperations", "..\src\Libraries\RemoteOperations\RemoteOperations.csproj", "{B2BE16C6-0F9A-48B8-A200-7415ABDC8A50}"
EndProject
Project("{FAE04EC0-301F-11D3-BF4B-00C04F79EFBC}") = "CustomControls", "..\src\Libraries\CustomControls\CustomControls.csproj", "{F3A2BFE1-2C76-4828-94B2-607CE9C12E34}"
EndProject
Project("{FAE04EC0-301F-11D3-BF4B-00C04F79EFBC}") = "Filters", "..\src\Libraries\Filters\Filters.csproj", "{C09A5B35-526F-4A85-9046-909E9D811BBD}"
EndProject
Project("{FAE04EC0-301F-11D3-BF4B-00C04F79EFBC}") = "Common", "..\src\Libraries\Common\Common.csproj", "{C8F6D412-C657-438C-BBE3-842FB4466440}"
EndProject
Project("{FAE04EC0-301F-11D3-BF4B-00C04F79EFBC}") = "Tasks", "..\src\Libraries\Tasks\Tasks.csproj", "{96854EC3-AEBB-4A36-B84F-C5B4FEC76371}"
EndProject
Project("{2150E333-8FDC-42A3-9474-1A3956D46DE8}") = "DB", "DB", "{43CF80B1-F9AF-4BAB-9C93-9474B54D697F}"
EndProject
Project("{C8D11400-126E-41CD-887F-60BD40844F9E}") = "VbaControlCenterDB", "..\src\DB\VbaControlCenterDB\VbaControlCenterDB.dbproj", "{67CBC824-A49E-4E9B-A947-360F3DFE65C3}"
EndProject
Project("{2150E333-8FDC-42A3-9474-1A3956D46DE8}") = "Tests", "Tests", "{818B75A6-3810-43F5-B5E1-0585E469E715}"
EndProject
Project("{FAE04EC0-301F-11D3-BF4B-00C04F79EFBC}") = "Settings", "..\src\Libraries\Settings\Settings.csproj", "{28D5DA26-7732-44A5-9720-BA779BCC2D29}"
EndProject
Project("{FAE04EC0-301F-11D3-BF4B-00C04F79EFBC}") = "IntegrationTests", "..\src\Tests\Integration\IntegrationTests\IntegrationTests.csproj", "{1BFC32C7-1BC9-48AC-BC50-6CDC88BCDF7C}"
EndProject
Project("{2150E333-8FDC-42A3-9474-1A3956D46DE8}") = ".nuget", ".nuget", "{D8E5E5AA-3C89-44F6-93E7-21FE2B3A4F18}"
	ProjectSection(SolutionItems) = preProject
		.nuget\NuGet.Config = .nuget\NuGet.Config
		.nuget\NuGet.exe = .nuget\NuGet.exe
		.nuget\NuGet.targets = .nuget\NuGet.targets
	EndProjectSection
EndProject
Project("{2150E333-8FDC-42A3-9474-1A3956D46DE8}") = "Integration", "Integration", "{71DBDAFC-FE0E-4D52-8E75-93AD8065D4FE}"
EndProject
Project("{2150E333-8FDC-42A3-9474-1A3956D46DE8}") = "Unit", "Unit", "{FDA6A328-4D8B-4FA9-83CC-6BB1FED9D621}"
EndProject
Project("{FAE04EC0-301F-11D3-BF4B-00C04F79EFBC}") = "ARM2_dbcontrol.UnitTests", "..\src\Tests\Unit\ARM2_dbcontrol.UnitTests\ARM2_dbcontrol.UnitTests.csproj", "{6ED3869F-31ED-4FA1-9C8A-5A4DD4E4E2E5}"
EndProject
Global
	GlobalSection(SolutionConfigurationPlatforms) = preSolution
		Debug|.NET = Debug|.NET
		Debug|Any CPU = Debug|Any CPU
		Debug|Mixed Platforms = Debug|Mixed Platforms
		Release|.NET = Release|.NET
		Release|Any CPU = Release|Any CPU
		Release|Mixed Platforms = Release|Mixed Platforms
	EndGlobalSection
	GlobalSection(ProjectConfigurationPlatforms) = postSolution
		{870FD66C-2B79-4B36-86EC-5A252C2208A5}.Debug|.NET.ActiveCfg = Debug|Any CPU
		{870FD66C-2B79-4B36-86EC-5A252C2208A5}.Debug|Any CPU.ActiveCfg = Debug|Any CPU
		{870FD66C-2B79-4B36-86EC-5A252C2208A5}.Debug|Any CPU.Build.0 = Debug|Any CPU
		{870FD66C-2B79-4B36-86EC-5A252C2208A5}.Debug|Mixed Platforms.ActiveCfg = Debug|Any CPU
		{870FD66C-2B79-4B36-86EC-5A252C2208A5}.Debug|Mixed Platforms.Build.0 = Debug|Any CPU
		{870FD66C-2B79-4B36-86EC-5A252C2208A5}.Release|.NET.ActiveCfg = Debug|Any CPU
		{870FD66C-2B79-4B36-86EC-5A252C2208A5}.Release|Any CPU.ActiveCfg = Debug|Any CPU
		{870FD66C-2B79-4B36-86EC-5A252C2208A5}.Release|Any CPU.Build.0 = Debug|Any CPU
		{870FD66C-2B79-4B36-86EC-5A252C2208A5}.Release|Mixed Platforms.ActiveCfg = Debug|Any CPU
		{D35BFB5F-CF61-4B3B-A3E7-C988FA7786E8}.Debug|.NET.ActiveCfg = Debug|Any CPU
		{D35BFB5F-CF61-4B3B-A3E7-C988FA7786E8}.Debug|Any CPU.ActiveCfg = Debug|Any CPU
		{D35BFB5F-CF61-4B3B-A3E7-C988FA7786E8}.Debug|Any CPU.Build.0 = Debug|Any CPU
		{D35BFB5F-CF61-4B3B-A3E7-C988FA7786E8}.Debug|Mixed Platforms.ActiveCfg = Debug|Any CPU
		{D35BFB5F-CF61-4B3B-A3E7-C988FA7786E8}.Release|.NET.ActiveCfg = Release|Any CPU
		{D35BFB5F-CF61-4B3B-A3E7-C988FA7786E8}.Release|.NET.Build.0 = Release|Any CPU
		{D35BFB5F-CF61-4B3B-A3E7-C988FA7786E8}.Release|Any CPU.ActiveCfg = Release|Any CPU
		{D35BFB5F-CF61-4B3B-A3E7-C988FA7786E8}.Release|Any CPU.Build.0 = Release|Any CPU
		{D35BFB5F-CF61-4B3B-A3E7-C988FA7786E8}.Release|Mixed Platforms.ActiveCfg = Release|Any CPU
		{E85D871A-7F3A-44D2-A111-A66610AF3335}.Debug|.NET.ActiveCfg = Debug|Any CPU
		{E85D871A-7F3A-44D2-A111-A66610AF3335}.Debug|Any CPU.ActiveCfg = Debug|Any CPU
		{E85D871A-7F3A-44D2-A111-A66610AF3335}.Debug|Any CPU.Build.0 = Debug|Any CPU
		{E85D871A-7F3A-44D2-A111-A66610AF3335}.Debug|Mixed Platforms.ActiveCfg = Debug|Any CPU
		{E85D871A-7F3A-44D2-A111-A66610AF3335}.Release|.NET.ActiveCfg = Release|Any CPU
		{E85D871A-7F3A-44D2-A111-A66610AF3335}.Release|.NET.Build.0 = Release|Any CPU
		{E85D871A-7F3A-44D2-A111-A66610AF3335}.Release|Any CPU.ActiveCfg = Release|Any CPU
		{E85D871A-7F3A-44D2-A111-A66610AF3335}.Release|Any CPU.Build.0 = Release|Any CPU
		{E85D871A-7F3A-44D2-A111-A66610AF3335}.Release|Mixed Platforms.ActiveCfg = Release|Any CPU
		{E85D871A-7F3A-44D2-A111-A66610AF3335}.Release|Mixed Platforms.Build.0 = Release|Any CPU
		{D5535C03-33AA-4DA2-822A-CB330E0DF0A7}.Debug|.NET.ActiveCfg = Debug|Any CPU
		{D5535C03-33AA-4DA2-822A-CB330E0DF0A7}.Debug|Any CPU.ActiveCfg = Debug|Any CPU
		{D5535C03-33AA-4DA2-822A-CB330E0DF0A7}.Debug|Any CPU.Build.0 = Debug|Any CPU
		{D5535C03-33AA-4DA2-822A-CB330E0DF0A7}.Debug|Mixed Platforms.ActiveCfg = Debug|Any CPU
		{D5535C03-33AA-4DA2-822A-CB330E0DF0A7}.Release|.NET.ActiveCfg = Release|Any CPU
		{D5535C03-33AA-4DA2-822A-CB330E0DF0A7}.Release|.NET.Build.0 = Release|Any CPU
		{D5535C03-33AA-4DA2-822A-CB330E0DF0A7}.Release|Any CPU.ActiveCfg = Release|Any CPU
		{D5535C03-33AA-4DA2-822A-CB330E0DF0A7}.Release|Any CPU.Build.0 = Release|Any CPU
		{D5535C03-33AA-4DA2-822A-CB330E0DF0A7}.Release|Mixed Platforms.ActiveCfg = Release|Any CPU
		{D5535C03-33AA-4DA2-822A-CB330E0DF0A7}.Release|Mixed Platforms.Build.0 = Release|Any CPU
		{C89D783D-01F8-4D52-A785-ABE9D3D18CD4}.Debug|.NET.ActiveCfg = Debug|Any CPU
		{C89D783D-01F8-4D52-A785-ABE9D3D18CD4}.Debug|Any CPU.ActiveCfg = Debug|Any CPU
		{C89D783D-01F8-4D52-A785-ABE9D3D18CD4}.Debug|Any CPU.Build.0 = Debug|Any CPU
		{C89D783D-01F8-4D52-A785-ABE9D3D18CD4}.Debug|Mixed Platforms.ActiveCfg = Debug|Any CPU
		{C89D783D-01F8-4D52-A785-ABE9D3D18CD4}.Release|.NET.ActiveCfg = Release|Any CPU
		{C89D783D-01F8-4D52-A785-ABE9D3D18CD4}.Release|.NET.Build.0 = Release|Any CPU
		{C89D783D-01F8-4D52-A785-ABE9D3D18CD4}.Release|Any CPU.ActiveCfg = Release|Any CPU
		{C89D783D-01F8-4D52-A785-ABE9D3D18CD4}.Release|Any CPU.Build.0 = Release|Any CPU
		{C89D783D-01F8-4D52-A785-ABE9D3D18CD4}.Release|Mixed Platforms.ActiveCfg = Release|Any CPU
		{C89D783D-01F8-4D52-A785-ABE9D3D18CD4}.Release|Mixed Platforms.Build.0 = Release|Any CPU
		{CA20C7E3-42BF-4CB2-9B68-D2AD6EBB41C7}.Debug|.NET.ActiveCfg = Debug|Any CPU
		{CA20C7E3-42BF-4CB2-9B68-D2AD6EBB41C7}.Debug|Any CPU.ActiveCfg = Debug|Any CPU
		{CA20C7E3-42BF-4CB2-9B68-D2AD6EBB41C7}.Debug|Any CPU.Build.0 = Debug|Any CPU
		{CA20C7E3-42BF-4CB2-9B68-D2AD6EBB41C7}.Debug|Mixed Platforms.ActiveCfg = Debug|Any CPU
		{CA20C7E3-42BF-4CB2-9B68-D2AD6EBB41C7}.Release|.NET.ActiveCfg = Release|Any CPU
		{CA20C7E3-42BF-4CB2-9B68-D2AD6EBB41C7}.Release|.NET.Build.0 = Release|Any CPU
		{CA20C7E3-42BF-4CB2-9B68-D2AD6EBB41C7}.Release|Any CPU.ActiveCfg = Release|Any CPU
		{CA20C7E3-42BF-4CB2-9B68-D2AD6EBB41C7}.Release|Any CPU.Build.0 = Release|Any CPU
		{CA20C7E3-42BF-4CB2-9B68-D2AD6EBB41C7}.Release|Mixed Platforms.ActiveCfg = Release|Any CPU
		{CA20C7E3-42BF-4CB2-9B68-D2AD6EBB41C7}.Release|Mixed Platforms.Build.0 = Release|Any CPU
		{92AE384B-3F82-42AB-872F-98636FD00B12}.Debug|.NET.ActiveCfg = Debug|Any CPU
		{92AE384B-3F82-42AB-872F-98636FD00B12}.Debug|Any CPU.ActiveCfg = Debug|Any CPU
		{92AE384B-3F82-42AB-872F-98636FD00B12}.Debug|Any CPU.Build.0 = Debug|Any CPU
		{92AE384B-3F82-42AB-872F-98636FD00B12}.Debug|Mixed Platforms.ActiveCfg = Debug|Any CPU
		{92AE384B-3F82-42AB-872F-98636FD00B12}.Debug|Mixed Platforms.Build.0 = Debug|Any CPU
		{92AE384B-3F82-42AB-872F-98636FD00B12}.Release|.NET.ActiveCfg = Release|Any CPU
		{92AE384B-3F82-42AB-872F-98636FD00B12}.Release|.NET.Build.0 = Release|Any CPU
		{92AE384B-3F82-42AB-872F-98636FD00B12}.Release|Any CPU.ActiveCfg = Release|Any CPU
		{92AE384B-3F82-42AB-872F-98636FD00B12}.Release|Any CPU.Build.0 = Release|Any CPU
		{92AE384B-3F82-42AB-872F-98636FD00B12}.Release|Mixed Platforms.ActiveCfg = Release|Any CPU
		{92AE384B-3F82-42AB-872F-98636FD00B12}.Release|Mixed Platforms.Build.0 = Release|Any CPU
		{B2BE16C6-0F9A-48B8-A200-7415ABDC8A50}.Debug|.NET.ActiveCfg = Debug|Any CPU
		{B2BE16C6-0F9A-48B8-A200-7415ABDC8A50}.Debug|Any CPU.ActiveCfg = Debug|Any CPU
		{B2BE16C6-0F9A-48B8-A200-7415ABDC8A50}.Debug|Any CPU.Build.0 = Debug|Any CPU
		{B2BE16C6-0F9A-48B8-A200-7415ABDC8A50}.Debug|Mixed Platforms.ActiveCfg = Debug|Any CPU
		{B2BE16C6-0F9A-48B8-A200-7415ABDC8A50}.Debug|Mixed Platforms.Build.0 = Debug|Any CPU
		{B2BE16C6-0F9A-48B8-A200-7415ABDC8A50}.Release|.NET.ActiveCfg = Release|Any CPU
		{B2BE16C6-0F9A-48B8-A200-7415ABDC8A50}.Release|.NET.Build.0 = Release|Any CPU
		{B2BE16C6-0F9A-48B8-A200-7415ABDC8A50}.Release|Any CPU.ActiveCfg = Release|Any CPU
		{B2BE16C6-0F9A-48B8-A200-7415ABDC8A50}.Release|Any CPU.Build.0 = Release|Any CPU
		{B2BE16C6-0F9A-48B8-A200-7415ABDC8A50}.Release|Mixed Platforms.ActiveCfg = Release|Any CPU
		{B2BE16C6-0F9A-48B8-A200-7415ABDC8A50}.Release|Mixed Platforms.Build.0 = Release|Any CPU
		{F3A2BFE1-2C76-4828-94B2-607CE9C12E34}.Debug|.NET.ActiveCfg = Debug|Any CPU
		{F3A2BFE1-2C76-4828-94B2-607CE9C12E34}.Debug|Any CPU.ActiveCfg = Debug|Any CPU
		{F3A2BFE1-2C76-4828-94B2-607CE9C12E34}.Debug|Any CPU.Build.0 = Debug|Any CPU
		{F3A2BFE1-2C76-4828-94B2-607CE9C12E34}.Debug|Mixed Platforms.ActiveCfg = Debug|Any CPU
		{F3A2BFE1-2C76-4828-94B2-607CE9C12E34}.Debug|Mixed Platforms.Build.0 = Debug|Any CPU
		{F3A2BFE1-2C76-4828-94B2-607CE9C12E34}.Release|.NET.ActiveCfg = Release|Any CPU
		{F3A2BFE1-2C76-4828-94B2-607CE9C12E34}.Release|.NET.Build.0 = Release|Any CPU
		{F3A2BFE1-2C76-4828-94B2-607CE9C12E34}.Release|Any CPU.ActiveCfg = Release|Any CPU
		{F3A2BFE1-2C76-4828-94B2-607CE9C12E34}.Release|Any CPU.Build.0 = Release|Any CPU
		{F3A2BFE1-2C76-4828-94B2-607CE9C12E34}.Release|Mixed Platforms.ActiveCfg = Release|Any CPU
		{F3A2BFE1-2C76-4828-94B2-607CE9C12E34}.Release|Mixed Platforms.Build.0 = Release|Any CPU
		{C09A5B35-526F-4A85-9046-909E9D811BBD}.Debug|.NET.ActiveCfg = Debug|Any CPU
		{C09A5B35-526F-4A85-9046-909E9D811BBD}.Debug|Any CPU.ActiveCfg = Debug|Any CPU
		{C09A5B35-526F-4A85-9046-909E9D811BBD}.Debug|Any CPU.Build.0 = Debug|Any CPU
		{C09A5B35-526F-4A85-9046-909E9D811BBD}.Debug|Mixed Platforms.ActiveCfg = Debug|Any CPU
		{C09A5B35-526F-4A85-9046-909E9D811BBD}.Debug|Mixed Platforms.Build.0 = Debug|Any CPU
		{C09A5B35-526F-4A85-9046-909E9D811BBD}.Release|.NET.ActiveCfg = Release|Any CPU
		{C09A5B35-526F-4A85-9046-909E9D811BBD}.Release|.NET.Build.0 = Release|Any CPU
		{C09A5B35-526F-4A85-9046-909E9D811BBD}.Release|Any CPU.ActiveCfg = Release|Any CPU
		{C09A5B35-526F-4A85-9046-909E9D811BBD}.Release|Any CPU.Build.0 = Release|Any CPU
		{C09A5B35-526F-4A85-9046-909E9D811BBD}.Release|Mixed Platforms.ActiveCfg = Release|Any CPU
		{C09A5B35-526F-4A85-9046-909E9D811BBD}.Release|Mixed Platforms.Build.0 = Release|Any CPU
		{C8F6D412-C657-438C-BBE3-842FB4466440}.Debug|.NET.ActiveCfg = Debug|Any CPU
		{C8F6D412-C657-438C-BBE3-842FB4466440}.Debug|Any CPU.ActiveCfg = Debug|Any CPU
		{C8F6D412-C657-438C-BBE3-842FB4466440}.Debug|Any CPU.Build.0 = Debug|Any CPU
		{C8F6D412-C657-438C-BBE3-842FB4466440}.Debug|Mixed Platforms.ActiveCfg = Debug|Any CPU
		{C8F6D412-C657-438C-BBE3-842FB4466440}.Debug|Mixed Platforms.Build.0 = Debug|Any CPU
		{C8F6D412-C657-438C-BBE3-842FB4466440}.Release|.NET.ActiveCfg = Release|Any CPU
		{C8F6D412-C657-438C-BBE3-842FB4466440}.Release|.NET.Build.0 = Release|Any CPU
		{C8F6D412-C657-438C-BBE3-842FB4466440}.Release|Any CPU.ActiveCfg = Release|Any CPU
		{C8F6D412-C657-438C-BBE3-842FB4466440}.Release|Any CPU.Build.0 = Release|Any CPU
		{C8F6D412-C657-438C-BBE3-842FB4466440}.Release|Mixed Platforms.ActiveCfg = Release|Any CPU
		{C8F6D412-C657-438C-BBE3-842FB4466440}.Release|Mixed Platforms.Build.0 = Release|Any CPU
		{96854EC3-AEBB-4A36-B84F-C5B4FEC76371}.Debug|.NET.ActiveCfg = Debug|Any CPU
		{96854EC3-AEBB-4A36-B84F-C5B4FEC76371}.Debug|Any CPU.ActiveCfg = Debug|Any CPU
		{96854EC3-AEBB-4A36-B84F-C5B4FEC76371}.Debug|Any CPU.Build.0 = Debug|Any CPU
		{96854EC3-AEBB-4A36-B84F-C5B4FEC76371}.Debug|Mixed Platforms.ActiveCfg = Debug|Any CPU
		{96854EC3-AEBB-4A36-B84F-C5B4FEC76371}.Debug|Mixed Platforms.Build.0 = Debug|Any CPU
		{96854EC3-AEBB-4A36-B84F-C5B4FEC76371}.Release|.NET.ActiveCfg = Release|Any CPU
		{96854EC3-AEBB-4A36-B84F-C5B4FEC76371}.Release|.NET.Build.0 = Release|Any CPU
		{96854EC3-AEBB-4A36-B84F-C5B4FEC76371}.Release|Any CPU.ActiveCfg = Release|Any CPU
		{96854EC3-AEBB-4A36-B84F-C5B4FEC76371}.Release|Any CPU.Build.0 = Release|Any CPU
		{96854EC3-AEBB-4A36-B84F-C5B4FEC76371}.Release|Mixed Platforms.ActiveCfg = Release|Any CPU
		{96854EC3-AEBB-4A36-B84F-C5B4FEC76371}.Release|Mixed Platforms.Build.0 = Release|Any CPU
		{67CBC824-A49E-4E9B-A947-360F3DFE65C3}.Debug|.NET.ActiveCfg = Debug|Any CPU
		{67CBC824-A49E-4E9B-A947-360F3DFE65C3}.Debug|Any CPU.ActiveCfg = Debug|Any CPU
		{67CBC824-A49E-4E9B-A947-360F3DFE65C3}.Debug|Any CPU.Build.0 = Debug|Any CPU
		{67CBC824-A49E-4E9B-A947-360F3DFE65C3}.Debug|Any CPU.Deploy.0 = Debug|Any CPU
		{67CBC824-A49E-4E9B-A947-360F3DFE65C3}.Debug|Mixed Platforms.ActiveCfg = Debug|Any CPU
		{67CBC824-A49E-4E9B-A947-360F3DFE65C3}.Release|.NET.ActiveCfg = Release|Any CPU
		{67CBC824-A49E-4E9B-A947-360F3DFE65C3}.Release|.NET.Build.0 = Release|Any CPU
		{67CBC824-A49E-4E9B-A947-360F3DFE65C3}.Release|Any CPU.ActiveCfg = Release|Any CPU
		{67CBC824-A49E-4E9B-A947-360F3DFE65C3}.Release|Any CPU.Build.0 = Release|Any CPU
		{67CBC824-A49E-4E9B-A947-360F3DFE65C3}.Release|Any CPU.Deploy.0 = Release|Any CPU
		{67CBC824-A49E-4E9B-A947-360F3DFE65C3}.Release|Mixed Platforms.ActiveCfg = Release|Any CPU
		{67CBC824-A49E-4E9B-A947-360F3DFE65C3}.Release|Mixed Platforms.Deploy.0 = Release|Any CPU
		{28D5DA26-7732-44A5-9720-BA779BCC2D29}.Debug|.NET.ActiveCfg = Debug|Any CPU
		{28D5DA26-7732-44A5-9720-BA779BCC2D29}.Debug|Any CPU.ActiveCfg = Debug|Any CPU
		{28D5DA26-7732-44A5-9720-BA779BCC2D29}.Debug|Any CPU.Build.0 = Debug|Any CPU
		{28D5DA26-7732-44A5-9720-BA779BCC2D29}.Debug|Mixed Platforms.ActiveCfg = Debug|Any CPU
		{28D5DA26-7732-44A5-9720-BA779BCC2D29}.Debug|Mixed Platforms.Build.0 = Debug|Any CPU
		{28D5DA26-7732-44A5-9720-BA779BCC2D29}.Release|.NET.ActiveCfg = Release|Any CPU
		{28D5DA26-7732-44A5-9720-BA779BCC2D29}.Release|Any CPU.ActiveCfg = Release|Any CPU
		{28D5DA26-7732-44A5-9720-BA779BCC2D29}.Release|Any CPU.Build.0 = Release|Any CPU
		{28D5DA26-7732-44A5-9720-BA779BCC2D29}.Release|Mixed Platforms.ActiveCfg = Release|Any CPU
		{28D5DA26-7732-44A5-9720-BA779BCC2D29}.Release|Mixed Platforms.Build.0 = Release|Any CPU
		{1BFC32C7-1BC9-48AC-BC50-6CDC88BCDF7C}.Debug|.NET.ActiveCfg = Debug|Any CPU
		{1BFC32C7-1BC9-48AC-BC50-6CDC88BCDF7C}.Debug|Any CPU.ActiveCfg = Debug|Any CPU
		{1BFC32C7-1BC9-48AC-BC50-6CDC88BCDF7C}.Debug|Any CPU.Build.0 = Debug|Any CPU
		{1BFC32C7-1BC9-48AC-BC50-6CDC88BCDF7C}.Debug|Mixed Platforms.ActiveCfg = Debug|Any CPU
		{1BFC32C7-1BC9-48AC-BC50-6CDC88BCDF7C}.Debug|Mixed Platforms.Build.0 = Debug|Any CPU
		{1BFC32C7-1BC9-48AC-BC50-6CDC88BCDF7C}.Release|.NET.ActiveCfg = Release|Any CPU
		{1BFC32C7-1BC9-48AC-BC50-6CDC88BCDF7C}.Release|Any CPU.ActiveCfg = Release|Any CPU
		{1BFC32C7-1BC9-48AC-BC50-6CDC88BCDF7C}.Release|Any CPU.Build.0 = Release|Any CPU
		{1BFC32C7-1BC9-48AC-BC50-6CDC88BCDF7C}.Release|Mixed Platforms.ActiveCfg = Release|Any CPU
		{1BFC32C7-1BC9-48AC-BC50-6CDC88BCDF7C}.Release|Mixed Platforms.Build.0 = Release|Any CPU
		{6ED3869F-31ED-4FA1-9C8A-5A4DD4E4E2E5}.Debug|.NET.ActiveCfg = Debug|Any CPU
		{6ED3869F-31ED-4FA1-9C8A-5A4DD4E4E2E5}.Debug|Any CPU.ActiveCfg = Debug|Any CPU
		{6ED3869F-31ED-4FA1-9C8A-5A4DD4E4E2E5}.Debug|Any CPU.Build.0 = Debug|Any CPU
		{6ED3869F-31ED-4FA1-9C8A-5A4DD4E4E2E5}.Debug|Mixed Platforms.ActiveCfg = Debug|Any CPU
		{6ED3869F-31ED-4FA1-9C8A-5A4DD4E4E2E5}.Debug|Mixed Platforms.Build.0 = Debug|Any CPU
		{6ED3869F-31ED-4FA1-9C8A-5A4DD4E4E2E5}.Release|.NET.ActiveCfg = Release|Any CPU
		{6ED3869F-31ED-4FA1-9C8A-5A4DD4E4E2E5}.Release|Any CPU.ActiveCfg = Release|Any CPU
		{6ED3869F-31ED-4FA1-9C8A-5A4DD4E4E2E5}.Release|Any CPU.Build.0 = Release|Any CPU
		{6ED3869F-31ED-4FA1-9C8A-5A4DD4E4E2E5}.Release|Mixed Platforms.ActiveCfg = Release|Any CPU
		{6ED3869F-31ED-4FA1-9C8A-5A4DD4E4E2E5}.Release|Mixed Platforms.Build.0 = Release|Any CPU
	EndGlobalSection
	GlobalSection(SolutionProperties) = preSolution
		HideSolutionNode = FALSE
	EndGlobalSection
	GlobalSection(NestedProjects) = preSolution
		{E85D871A-7F3A-44D2-A111-A66610AF3335} = {0FD513F1-3138-49B7-9659-2BDD6CCC41C5}
		{D5535C03-33AA-4DA2-822A-CB330E0DF0A7} = {0FD513F1-3138-49B7-9659-2BDD6CCC41C5}
		{C89D783D-01F8-4D52-A785-ABE9D3D18CD4} = {0FD513F1-3138-49B7-9659-2BDD6CCC41C5}
		{CA20C7E3-42BF-4CB2-9B68-D2AD6EBB41C7} = {0FD513F1-3138-49B7-9659-2BDD6CCC41C5}
		{92AE384B-3F82-42AB-872F-98636FD00B12} = {1198B89E-E557-43B3-8F27-E8C5B72B400C}
		{B2BE16C6-0F9A-48B8-A200-7415ABDC8A50} = {1198B89E-E557-43B3-8F27-E8C5B72B400C}
		{F3A2BFE1-2C76-4828-94B2-607CE9C12E34} = {1198B89E-E557-43B3-8F27-E8C5B72B400C}
		{C09A5B35-526F-4A85-9046-909E9D811BBD} = {1198B89E-E557-43B3-8F27-E8C5B72B400C}
		{C8F6D412-C657-438C-BBE3-842FB4466440} = {1198B89E-E557-43B3-8F27-E8C5B72B400C}
		{96854EC3-AEBB-4A36-B84F-C5B4FEC76371} = {1198B89E-E557-43B3-8F27-E8C5B72B400C}
		{28D5DA26-7732-44A5-9720-BA779BCC2D29} = {1198B89E-E557-43B3-8F27-E8C5B72B400C}
		{67CBC824-A49E-4E9B-A947-360F3DFE65C3} = {43CF80B1-F9AF-4BAB-9C93-9474B54D697F}
		{71DBDAFC-FE0E-4D52-8E75-93AD8065D4FE} = {818B75A6-3810-43F5-B5E1-0585E469E715}
		{FDA6A328-4D8B-4FA9-83CC-6BB1FED9D621} = {818B75A6-3810-43F5-B5E1-0585E469E715}
		{1BFC32C7-1BC9-48AC-BC50-6CDC88BCDF7C} = {71DBDAFC-FE0E-4D52-8E75-93AD8065D4FE}
		{6ED3869F-31ED-4FA1-9C8A-5A4DD4E4E2E5} = {FDA6A328-4D8B-4FA9-83CC-6BB1FED9D621}
	EndGlobalSection
EndGlobal
