<?xml version="1.0" encoding="utf-8"?>
<Project ToolsVersion="4.0" xmlns="http://schemas.microsoft.com/developer/msbuild/2003">
  <ItemGroup>
    <Filter Include="Source Files">
      <UniqueIdentifier>{4FC737F1-C7A5-4376-A066-2A32D752A2FF}</UniqueIdentifier>
      <Extensions>cpp;c;cc;cxx;def;odl;idl;hpj;bat;asm;asmx</Extensions>
    </Filter>
    <Filter Include="Header Files">
      <UniqueIdentifier>{93995380-89BD-4b04-88EB-625FBE52EBFB}</UniqueIdentifier>
      <Extensions>h;hpp;hxx;hm;inl;inc;xsd</Extensions>
    </Filter>
    <Filter Include="Resource Files">
      <UniqueIdentifier>{67DA6AB6-F800-4c08-8B7A-83BB121AAD01}</UniqueIdentifier>
      <Extensions>rc;ico;cur;bmp;dlg;rc2;rct;bin;rgs;gif;jpg;jpeg;jpe;resx;tiff;tif;png;wav</Extensions>
    </Filter>
    <Filter Include="Generated Files">
      <UniqueIdentifier>{317fac82-d9d4-4c13-a276-c79b31ac38a2}</UniqueIdentifier>
      <SourceControlFiles>False</SourceControlFiles>
    </Filter>
    <Filter Include="thread_allocations">
      <UniqueIdentifier>{54fbca2b-a3c3-4049-bc59-c28b03c1e951}</UniqueIdentifier>
    </Filter>
  </ItemGroup>
  <ItemGroup>
    <ClCompile Include="stdafx.cpp">
      <Filter>Source Files</Filter>
    </ClCompile>
    <ClCompile Include="task_builder.cpp">
      <Filter>Source Files</Filter>
    </ClCompile>
    <ClCompile Include="task_reporter.cpp">
      <Filter>Source Files</Filter>
    </ClCompile>
    <ClCompile Include="task_sender.cpp">
      <Filter>Source Files</Filter>
    </ClCompile>
    <ClCompile Include="task_service.cpp">
      <Filter>Source Files</Filter>
    </ClCompile>
    <ClCompile Include="task_states.cpp">
      <Filter>Source Files</Filter>
    </ClCompile>
    <ClCompile Include="vba_socket.cpp">
      <Filter>Source Files</Filter>
    </ClCompile>
    <ClCompile Include="VbaTaskAssignment.cpp">
      <Filter>Source Files</Filter>
    </ClCompile>
    <ClCompile Include="VbaTaskAssignment_i.c">
      <Filter>Generated Files</Filter>
    </ClCompile>
    <ClCompile Include="VbaComThreadAllocator.cpp">
      <Filter>thread_allocations</Filter>
    </ClCompile>
    <ClCompile Include="VbaTaskAssignment.h">
      <Filter>Generated Files</Filter>
    </ClCompile>
  </ItemGroup>
  <ItemGroup>
    <Midl Include="VbaTaskAssignment.idl">
      <Filter>Source Files</Filter>
    </Midl>
  </ItemGroup>
  <ItemGroup>
    <ClInclude Include="Resource.h">
      <Filter>Header Files</Filter>
    </ClInclude>
    <ClInclude Include="stdafx.h">
      <Filter>Header Files</Filter>
    </ClInclude>
    <ClInclude Include="task_builder.h">
      <Filter>Header Files</Filter>
    </ClInclude>
    <ClInclude Include="task_reporter.h">
      <Filter>Header Files</Filter>
    </ClInclude>
    <ClInclude Include="task_sender.h">
      <Filter>Header Files</Filter>
    </ClInclude>
    <ClInclude Include="task_service.h">
      <Filter>Header Files</Filter>
    </ClInclude>
    <ClInclude Include="task_states.h">
      <Filter>Header Files</Filter>
    </ClInclude>
    <ClInclude Include="vba_socket.h">
      <Filter>Header Files</Filter>
    </ClInclude>
    <ClInclude Include="VbaAtlAutoThreadModuleT.h">
      <Filter>thread_allocations</Filter>
    </ClInclude>
    <ClInclude Include="VbaComThreadAllocator.h">
      <Filter>thread_allocations</Filter>
    </ClInclude>
  </ItemGroup>
  <ItemGroup>
    <None Include="TaskService.rgs">
      <Filter>Resource Files</Filter>
    </None>
    <None Include="VbaTaskAssignment.rgs">
      <Filter>Resource Files</Filter>
    </None>
  </ItemGroup>
  <ItemGroup>
    <ResourceCompile Include="VbaTaskAssignment.rc">
      <Filter>Resource Files</Filter>
    </ResourceCompile>
  </ItemGroup>
</Project>